<?xml version="1.0" encoding="utf-8"?>
<Project ToolsVersion="4.0" xmlns="http://schemas.microsoft.com/developer/msbuild/2003">
  <ItemGroup>
    <Filter Include="Source Files">
      <UniqueIdentifier>{4FC737F1-C7A5-4376-A066-2A32D752A2FF}</UniqueIdentifier>
      <Extensions>cpp;c;cc;cxx;def;odl;idl;hpj;bat;asm;asmx</Extensions>
    </Filter>
    <Filter Include="Header Files">
      <UniqueIdentifier>{93995380-89BD-4b04-88EB-625FBE52EBFB}</UniqueIdentifier>
      <Extensions>h;hh;hpp;hxx;hm;inl;inc;xsd</Extensions>
    </Filter>
    <Filter Include="Resource Files">
      <UniqueIdentifier>{67DA6AB6-F800-4c08-8B7A-83BB121AAD01}</UniqueIdentifier>
      <Extensions>rc;ico;cur;bmp;dlg;rc2;rct;bin;rgs;gif;jpg;jpeg;jpe;resx;tiff;tif;png;wav</Extensions>
    </Filter>
  </ItemGroup>
  <ItemGroup>
    <ClCompile Include="src\engine\Color.cpp">
      <Filter>Source Files</Filter>
    </ClCompile>
    <ClCompile Include="src\engine\Engine.cpp">
      <Filter>Source Files</Filter>
    </ClCompile>
    <ClCompile Include="src\engine\anim\Animation.cpp">
      <Filter>Source Files</Filter>
    </ClCompile>
    <ClCompile Include="src\engine\anim\AnimationInstance.cpp">
      <Filter>Source Files</Filter>
    </ClCompile>
    <ClCompile Include="src\engine\anim\AnimVertex.cpp">
      <Filter>Source Files</Filter>
    </ClCompile>
    <ClCompile Include="src\engine\anim\Blend2D.cpp">
      <Filter>Source Files</Filter>
    </ClCompile>
    <ClCompile Include="src\engine\anim\ControlPoint.cpp">
      <Filter>Source Files</Filter>
    </ClCompile>
    <ClCompile Include="src\engine\anim\Joint.cpp">
      <Filter>Source Files</Filter>
    </ClCompile>
    <ClCompile Include="src\engine\anim\Keyframe.cpp">
      <Filter>Source Files</Filter>
    </ClCompile>
    <ClCompile Include="src\engine\anim\Skeleton.cpp">
      <Filter>Source Files</Filter>
    </ClCompile>
    <ClCompile Include="src\engine\anim\VertexBlendingInfo.cpp">
      <Filter>Source Files</Filter>
    </ClCompile>
    <ClCompile Include="src\engine\gizmo\GizmoHandler.cpp">
      <Filter>Source Files</Filter>
    </ClCompile>
    <ClCompile Include="src\engine\gizmo\Grid.cpp">
      <Filter>Source Files</Filter>
    </ClCompile>
    <ClCompile Include="src\engine\gizmo\Handle.cpp">
      <Filter>Source Files</Filter>
    </ClCompile>
    <ClCompile Include="src\engine\gizmo\IGizmo.cpp">
      <Filter>Source Files</Filter>
    </ClCompile>
    <ClCompile Include="src\engine\gizmo\ObjectPicker.cpp">
      <Filter>Source Files</Filter>
    </ClCompile>
    <ClCompile Include="src\engine\gizmo\Selection.cpp">
      <Filter>Source Files</Filter>
    </ClCompile>
    <ClCompile Include="src\engine\gizmo\Selector.cpp">
      <Filter>Source Files</Filter>
    </ClCompile>
    <ClCompile Include="src\engine\gizmo\Wireframe.cpp">
      <Filter>Source Files</Filter>
    </ClCompile>
    <ClCompile Include="src\engine\gui\Char.cpp">
      <Filter>Source Files</Filter>
    </ClCompile>
    <ClCompile Include="src\engine\gui\CWidget.cpp">
      <Filter>Source Files</Filter>
    </ClCompile>
    <ClCompile Include="src\engine\gui\Font.cpp">
      <Filter>Source Files</Filter>
    </ClCompile>
    <ClCompile Include="src\engine\gui\Glyph.cpp">
      <Filter>Source Files</Filter>
    </ClCompile>
    <ClCompile Include="src\engine\gui\IElement.cpp">
      <Filter>Source Files</Filter>
    </ClCompile>
    <ClCompile Include="src\engine\gui\Sprite.cpp">
      <Filter>Source Files</Filter>
    </ClCompile>
    <ClCompile Include="src\engine\gui\Text.cpp">
      <Filter>Source Files</Filter>
    </ClCompile>
    <ClCompile Include="src\engine\physic\CBoxCollider.cpp">
      <Filter>Source Files</Filter>
    </ClCompile>
    <ClCompile Include="src\engine\physic\CCapsuleCollider.cpp">
      <Filter>Source Files</Filter>
    </ClCompile>
    <ClCompile Include="src\engine\physic\CSphereCollider.cpp">
      <Filter>Source Files</Filter>
    </ClCompile>
    <ClCompile Include="src\engine\physic\ICCollider.cpp">
      <Filter>Source Files</Filter>
    </ClCompile>
    <ClCompile Include="src\engine\physic\Layer.cpp">
      <Filter>Source Files</Filter>
    </ClCompile>
    <ClCompile Include="src\engine\physic\PhysicMaterial.cpp">
      <Filter>Source Files</Filter>
    </ClCompile>
    <ClCompile Include="src\engine\physic\PhysXErrorCallback.cpp">
      <Filter>Source Files</Filter>
    </ClCompile>
    <ClCompile Include="src\engine\physic\PhysXHelper.cpp">
      <Filter>Source Files</Filter>
    </ClCompile>
    <ClCompile Include="src\engine\physic\PhysXSimulationCallback.cpp">
      <Filter>Source Files</Filter>
    </ClCompile>
    <ClCompile Include="src\engine\physic\RayCast.cpp">
      <Filter>Source Files</Filter>
    </ClCompile>
    <ClCompile Include="src\engine\resources\AssetsHandler.cpp">
      <Filter>Source Files</Filter>
    </ClCompile>
    <ClCompile Include="src\engine\resources\LoaderFbx.cpp">
      <Filter>Source Files</Filter>
    </ClCompile>
    <ClCompile Include="src\engine\resources\LoaderFont.cpp">
      <Filter>Source Files</Filter>
    </ClCompile>
    <ClCompile Include="src\engine\resources\LoaderObj.cpp">
      <Filter>Source Files</Filter>
    </ClCompile>
    <ClCompile Include="src\engine\resources\Model.cpp">
      <Filter>Source Files</Filter>
    </ClCompile>
    <ClCompile Include="src\engine\resources\SkeletalModel.cpp">
      <Filter>Source Files</Filter>
    </ClCompile>
    <ClCompile Include="src\engine\resources\Vertex.cpp">
      <Filter>Source Files</Filter>
    </ClCompile>
    <ClCompile Include="src\engine\scene\ACamera.cpp">
      <Filter>Source Files</Filter>
    </ClCompile>
    <ClCompile Include="src\engine\scene\Actor.cpp">
      <Filter>Source Files</Filter>
    </ClCompile>
    <ClCompile Include="src\engine\scene\AEditorCamera.cpp">
      <Filter>Source Files</Filter>
    </ClCompile>
    <ClCompile Include="src\engine\scene\AGameCamera.cpp">
      <Filter>Source Files</Filter>
    </ClCompile>
    <ClCompile Include="src\engine\scene\ASkybox.cpp">
      <Filter>Source Files</Filter>
    </ClCompile>
    <ClCompile Include="src\engine\scene\CameraHandler.cpp">
      <Filter>Source Files</Filter>
    </ClCompile>
    <ClCompile Include="src\engine\scene\CCamera.cpp">
      <Filter>Source Files</Filter>
    </ClCompile>
    <ClCompile Include="src\engine\scene\CDirectionalLight.cpp">
      <Filter>Source Files</Filter>
    </ClCompile>
    <ClCompile Include="src\engine\scene\CPointLight.cpp">
      <Filter>Source Files</Filter>
    </ClCompile>
    <ClCompile Include="src\engine\scene\CScript.cpp">
      <Filter>Source Files</Filter>
    </ClCompile>
    <ClCompile Include="src\engine\scene\CSkeletalMesh.cpp">
      <Filter>Source Files</Filter>
    </ClCompile>
    <ClCompile Include="src\engine\scene\CStaticMesh.cpp">
      <Filter>Source Files</Filter>
    </ClCompile>
    <ClCompile Include="src\engine\scene\CTransform.cpp">
      <Filter>Source Files</Filter>
    </ClCompile>
    <ClCompile Include="src\engine\scene\ICLight.cpp">
      <Filter>Source Files</Filter>
    </ClCompile>
    <ClCompile Include="src\engine\scene\ICMesh.cpp">
      <Filter>Source Files</Filter>
    </ClCompile>
    <ClCompile Include="src\engine\scene\IComponent.cpp">
      <Filter>Source Files</Filter>
    </ClCompile>
    <ClCompile Include="src\engine\scene\LightHandler.cpp">
      <Filter>Source Files</Filter>
    </ClCompile>
    <ClCompile Include="src\engine\scene\Scene.cpp">
      <Filter>Source Files</Filter>
    </ClCompile>
    <ClCompile Include="src\engine\scene\SceneHandler.cpp">
      <Filter>Source Files</Filter>
    </ClCompile>
    <ClCompile Include="src\rhi\common\ExtensionList.cpp">
      <Filter>Source Files</Filter>
    </ClCompile>
    <ClCompile Include="src\rhi\common\LoaderImg.cpp">
      <Filter>Source Files</Filter>
    </ClCompile>
    <ClCompile Include="src\rhi\common\Material.cpp">
      <Filter>Source Files</Filter>
    </ClCompile>
    <ClCompile Include="src\rhi\common\Pipeline.cpp">
      <Filter>Source Files</Filter>
    </ClCompile>
    <ClCompile Include="src\rhi\vk\AttachmentInfo.cpp">
      <Filter>Source Files</Filter>
    </ClCompile>
    <ClCompile Include="src\rhi\vk\Buffer.cpp">
      <Filter>Source Files</Filter>
    </ClCompile>
    <ClCompile Include="src\rhi\vk\Device.cpp">
      <Filter>Source Files</Filter>
    </ClCompile>
    <ClCompile Include="src\rhi\vk\DrawCall.cpp">
      <Filter>Source Files</Filter>
    </ClCompile>
    <ClCompile Include="src\rhi\vk\Fence.cpp">
      <Filter>Source Files</Filter>
    </ClCompile>
    <ClCompile Include="src\rhi\vk\Framebuffer.cpp">
      <Filter>Source Files</Filter>
    </ClCompile>
    <ClCompile Include="src\rhi\vk\FrameGraph.cpp">
      <Filter>Source Files</Filter>
    </ClCompile>
    <ClCompile Include="src\rhi\vk\Image.cpp">
      <Filter>Source Files</Filter>
    </ClCompile>
    <ClCompile Include="src\rhi\vk\InputAttachment.cpp">
      <Filter>Source Files</Filter>
    </ClCompile>
    <ClCompile Include="src\rhi\vk\MaterialInstance.cpp">
      <Filter>Source Files</Filter>
    </ClCompile>
    <ClCompile Include="src\rhi\vk\MaterialLayout.cpp">
      <Filter>Source Files</Filter>
    </ClCompile>
    <ClCompile Include="src\rhi\vk\MemoryAllocator.cpp">
      <Filter>Source Files</Filter>
    </ClCompile>
    <ClCompile Include="src\rhi\vk\MemoryBlock.cpp">
      <Filter>Source Files</Filter>
    </ClCompile>
    <ClCompile Include="src\rhi\vk\MemoryChunk.cpp">
      <Filter>Source Files</Filter>
    </ClCompile>
    <ClCompile Include="src\rhi\vk\MemoryPool.cpp">
      <Filter>Source Files</Filter>
    </ClCompile>
    <ClCompile Include="src\rhi\vk\Renderer.cpp">
      <Filter>Source Files</Filter>
    </ClCompile>
    <ClCompile Include="src\rhi\vk\RenderPass.cpp">
      <Filter>Source Files</Filter>
    </ClCompile>
    <ClCompile Include="src\rhi\vk\Shader.cpp">
      <Filter>Source Files</Filter>
    </ClCompile>
    <ClCompile Include="src\rhi\vk\Subpass.cpp">
      <Filter>Source Files</Filter>
    </ClCompile>
    <ClCompile Include="src\rhi\vk\Surface.cpp">
      <Filter>Source Files</Filter>
    </ClCompile>
    <ClCompile Include="src\rhi\vk\SwapChain.cpp">
      <Filter>Source Files</Filter>
    </ClCompile>
    <ClCompile Include="src\rhi\vk\Texture.cpp">
      <Filter>Source Files</Filter>
    </ClCompile>
    <ClCompile Include="src\rhi\vk\VkHelper.cpp">
      <Filter>Source Files</Filter>
    </ClCompile>
    <ClCompile Include="src\utils\FileOutput.cpp">
      <Filter>Source Files</Filter>
    </ClCompile>
    <ClCompile Include="src\utils\ISerializable.cpp">
      <Filter>Source Files</Filter>
    </ClCompile>
    <ClCompile Include="src\utils\JsonNode.cpp">
      <Filter>Source Files</Filter>
    </ClCompile>
    <ClCompile Include="src\utils\LoggerLevel.cpp">
      <Filter>Source Files</Filter>
    </ClCompile>
    <ClCompile Include="src\utils\ScriptModule.cpp">
      <Filter>Source Files</Filter>
    </ClCompile>
    <ClCompile Include="src\utils\Service.cpp">
      <Filter>Source Files</Filter>
    </ClCompile>
    <ClCompile Include="src\utils\ThreadPool.cpp">
      <Filter>Source Files</Filter>
    </ClCompile>
    <ClCompile Include="src\utils\Timer.cpp">
      <Filter>Source Files</Filter>
    </ClCompile>
    <ClCompile Include="src\ww\Controller.cpp">
      <Filter>Source Files</Filter>
    </ClCompile>
    <ClCompile Include="src\ww\Cursor.cpp">
      <Filter>Source Files</Filter>
    </ClCompile>
    <ClCompile Include="src\ww\Icon.cpp">
      <Filter>Source Files</Filter>
    </ClCompile>
    <ClCompile Include="src\ww\Input.cpp">
      <Filter>Source Files</Filter>
    </ClCompile>
    <ClCompile Include="src\ww\Key.cpp">
      <Filter>Source Files</Filter>
    </ClCompile>
    <ClCompile Include="src\ww\Mouse.cpp">
      <Filter>Source Files</Filter>
    </ClCompile>
    <ClCompile Include="src\ww\Viewport.cpp">
      <Filter>Source Files</Filter>
    </ClCompile>
    <ClCompile Include="src\ww\Window.cpp">
      <Filter>Source Files</Filter>
    </ClCompile>
    <ClCompile Include="src\engine\physic\PhysicsInstance.cpp">
      <Filter>Source Files</Filter>
    </ClCompile>
    <ClCompile Include="src\rhi\vk\VkInstance.cpp">
      <Filter>Source Files</Filter>
    </ClCompile>
    <ClCompile Include="src\rhi\vk\VkMaterial.cpp">
      <Filter>Source Files</Filter>
    </ClCompile>
    <ClCompile Include="src\engine\gizmo\GizmoSprite.cpp">
      <Filter>Source Files</Filter>
    </ClCompile>
    <ClCompile Include="src\main.cpp">
      <Filter>Source Files</Filter>
    </ClCompile>
    <ClCompile Include="src\game\Barrel.cpp">
      <Filter>Source Files</Filter>
    </ClCompile>
    <ClCompile Include="src\game\CameraBehavior.cpp">
      <Filter>Source Files</Filter>
    </ClCompile>
    <ClCompile Include="src\game\DeathZone.cpp">
      <Filter>Source Files</Filter>
    </ClCompile>
    <ClCompile Include="src\game\Goal.cpp">
      <Filter>Source Files</Filter>
    </ClCompile>
    <ClCompile Include="src\game\Light.cpp">
      <Filter>Source Files</Filter>
    </ClCompile>
    <ClCompile Include="src\game\Player.cpp">
      <Filter>Source Files</Filter>
    </ClCompile>
    <ClCompile Include="src\game\Project.cpp">
      <Filter>Source Files</Filter>
    </ClCompile>
    <ClCompile Include="src\game\RenderSphere.cpp">
      <Filter>Source Files</Filter>
    </ClCompile>
  </ItemGroup>
  <ItemGroup>
    <ClInclude Include="include\engine\Color.h">
      <Filter>Header Files</Filter>
    </ClInclude>
    <ClInclude Include="include\engine\Engine.h">
      <Filter>Header Files</Filter>
    </ClInclude>
    <ClInclude Include="include\engine\anim\Animation.h">
      <Filter>Header Files</Filter>
    </ClInclude>
    <ClInclude Include="include\engine\anim\AnimationInstance.h">
      <Filter>Header Files</Filter>
    </ClInclude>
    <ClInclude Include="include\engine\anim\AnimVertex.h">
      <Filter>Header Files</Filter>
    </ClInclude>
    <ClInclude Include="include\engine\anim\Blend2D.h">
      <Filter>Header Files</Filter>
    </ClInclude>
    <ClInclude Include="include\engine\anim\ControlPoint.h">
      <Filter>Header Files</Filter>
    </ClInclude>
    <ClInclude Include="include\engine\anim\IAnimationInstance.h">
      <Filter>Header Files</Filter>
    </ClInclude>
    <ClInclude Include="include\engine\anim\Joint.h">
      <Filter>Header Files</Filter>
    </ClInclude>
    <ClInclude Include="include\engine\anim\Keyframe.h">
      <Filter>Header Files</Filter>
    </ClInclude>
    <ClInclude Include="include\engine\anim\Skeleton.h">
      <Filter>Header Files</Filter>
    </ClInclude>
    <ClInclude Include="include\engine\anim\VertexBlendingInfo.h">
      <Filter>Header Files</Filter>
    </ClInclude>
    <ClInclude Include="include\engine\gizmo\GizmoHandler.h">
      <Filter>Header Files</Filter>
    </ClInclude>
    <ClInclude Include="include\engine\gizmo\Grid.h">
      <Filter>Header Files</Filter>
    </ClInclude>
    <ClInclude Include="include\engine\gizmo\Handle.h">
      <Filter>Header Files</Filter>
    </ClInclude>
    <ClInclude Include="include\engine\gizmo\IGizmo.h">
      <Filter>Header Files</Filter>
    </ClInclude>
    <ClInclude Include="include\engine\gizmo\ObjectPicker.h">
      <Filter>Header Files</Filter>
    </ClInclude>
    <ClInclude Include="include\engine\gizmo\Selection.h">
      <Filter>Header Files</Filter>
    </ClInclude>
    <ClInclude Include="include\engine\gizmo\Selector.h">
      <Filter>Header Files</Filter>
    </ClInclude>
    <ClInclude Include="include\engine\gizmo\Sprite.h">
      <Filter>Header Files</Filter>
    </ClInclude>
    <ClInclude Include="include\engine\gizmo\Wireframe.h">
      <Filter>Header Files</Filter>
    </ClInclude>
    <ClInclude Include="include\engine\gui\Char.h">
      <Filter>Header Files</Filter>
    </ClInclude>
    <ClInclude Include="include\engine\gui\CWidget.h">
      <Filter>Header Files</Filter>
    </ClInclude>
    <ClInclude Include="include\engine\gui\Font.h">
      <Filter>Header Files</Filter>
    </ClInclude>
    <ClInclude Include="include\engine\gui\Glyph.h">
      <Filter>Header Files</Filter>
    </ClInclude>
    <ClInclude Include="include\engine\gui\IElement.h">
      <Filter>Header Files</Filter>
    </ClInclude>
    <ClInclude Include="include\engine\gui\Sprite.h">
      <Filter>Header Files</Filter>
    </ClInclude>
    <ClInclude Include="include\engine\gui\Text.h">
      <Filter>Header Files</Filter>
    </ClInclude>
    <ClInclude Include="include\engine\physic\CBoxCollider.h">
      <Filter>Header Files</Filter>
    </ClInclude>
    <ClInclude Include="include\engine\physic\CCapsuleCollider.h">
      <Filter>Header Files</Filter>
    </ClInclude>
    <ClInclude Include="include\engine\physic\CollisionData.h">
      <Filter>Header Files</Filter>
    </ClInclude>
    <ClInclude Include="include\engine\physic\CSphereCollider.h">
      <Filter>Header Files</Filter>
    </ClInclude>
    <ClInclude Include="include\engine\physic\ICCollider.h">
      <Filter>Header Files</Filter>
    </ClInclude>
    <ClInclude Include="include\engine\physic\Instance.h">
      <Filter>Header Files</Filter>
    </ClInclude>
    <ClInclude Include="include\engine\physic\Layer.h">
      <Filter>Header Files</Filter>
    </ClInclude>
    <ClInclude Include="include\engine\physic\PhysicMaterial.h">
      <Filter>Header Files</Filter>
    </ClInclude>
    <ClInclude Include="include\engine\physic\PhysXErrorCallback.h">
      <Filter>Header Files</Filter>
    </ClInclude>
    <ClInclude Include="include\engine\physic\PhysXHelper.h">
      <Filter>Header Files</Filter>
    </ClInclude>
    <ClInclude Include="include\engine\physic\PhysXSimulationCallback.h">
      <Filter>Header Files</Filter>
    </ClInclude>
    <ClInclude Include="include\engine\physic\RayCast.h">
      <Filter>Header Files</Filter>
    </ClInclude>
    <ClInclude Include="include\engine\resources\AssetsHandler.h">
      <Filter>Header Files</Filter>
    </ClInclude>
    <ClInclude Include="include\engine\resources\IModel.h">
      <Filter>Header Files</Filter>
    </ClInclude>
    <ClInclude Include="include\engine\resources\LoaderFbx.h">
      <Filter>Header Files</Filter>
    </ClInclude>
    <ClInclude Include="include\engine\resources\LoaderFont.h">
      <Filter>Header Files</Filter>
    </ClInclude>
    <ClInclude Include="include\engine\resources\LoaderObj.h">
      <Filter>Header Files</Filter>
    </ClInclude>
    <ClInclude Include="include\engine\resources\Model.h">
      <Filter>Header Files</Filter>
    </ClInclude>
    <ClInclude Include="include\engine\resources\SkeletalModel.h">
      <Filter>Header Files</Filter>
    </ClInclude>
    <ClInclude Include="include\engine\resources\Vertex.h">
      <Filter>Header Files</Filter>
    </ClInclude>
    <ClInclude Include="include\engine\scene\ACamera.h">
      <Filter>Header Files</Filter>
    </ClInclude>
    <ClInclude Include="include\engine\scene\Actor.h">
      <Filter>Header Files</Filter>
    </ClInclude>
    <ClInclude Include="include\engine\scene\AEditorCamera.h">
      <Filter>Header Files</Filter>
    </ClInclude>
    <ClInclude Include="include\engine\scene\AGameCamera.h">
      <Filter>Header Files</Filter>
    </ClInclude>
    <ClInclude Include="include\engine\scene\ASkybox.h">
      <Filter>Header Files</Filter>
    </ClInclude>
    <ClInclude Include="include\engine\scene\CameraHandler.h">
      <Filter>Header Files</Filter>
    </ClInclude>
    <ClInclude Include="include\engine\scene\CCamera.h">
      <Filter>Header Files</Filter>
    </ClInclude>
    <ClInclude Include="include\engine\scene\CDirectionalLight.h">
      <Filter>Header Files</Filter>
    </ClInclude>
    <ClInclude Include="include\engine\scene\CPointLight.h">
      <Filter>Header Files</Filter>
    </ClInclude>
    <ClInclude Include="include\engine\scene\CScript.h">
      <Filter>Header Files</Filter>
    </ClInclude>
    <ClInclude Include="include\engine\scene\CSkeletalMesh.h">
      <Filter>Header Files</Filter>
    </ClInclude>
    <ClInclude Include="include\engine\scene\CStaticMesh.h">
      <Filter>Header Files</Filter>
    </ClInclude>
    <ClInclude Include="include\engine\scene\CTransform.h">
      <Filter>Header Files</Filter>
    </ClInclude>
    <ClInclude Include="include\engine\scene\ICLight.h">
      <Filter>Header Files</Filter>
    </ClInclude>
    <ClInclude Include="include\engine\scene\ICMesh.h">
      <Filter>Header Files</Filter>
    </ClInclude>
    <ClInclude Include="include\engine\scene\IComponent.h">
      <Filter>Header Files</Filter>
    </ClInclude>
    <ClInclude Include="include\engine\scene\LightHandler.h">
      <Filter>Header Files</Filter>
    </ClInclude>
    <ClInclude Include="include\engine\scene\Scene.h">
      <Filter>Header Files</Filter>
    </ClInclude>
    <ClInclude Include="include\engine\scene\SceneHandler.h">
      <Filter>Header Files</Filter>
    </ClInclude>
    <ClInclude Include="include\maths\Helper.h">
      <Filter>Header Files</Filter>
    </ClInclude>
    <ClInclude Include="include\maths\Mat3.h">
      <Filter>Header Files</Filter>
    </ClInclude>
    <ClInclude Include="include\maths\Mat4.h">
      <Filter>Header Files</Filter>
    </ClInclude>
    <ClInclude Include="include\maths\Quaternion.h">
      <Filter>Header Files</Filter>
    </ClInclude>
    <ClInclude Include="include\maths\Transform.h">
      <Filter>Header Files</Filter>
    </ClInclude>
    <ClInclude Include="include\maths\Vec2.h">
      <Filter>Header Files</Filter>
    </ClInclude>
    <ClInclude Include="include\maths\Vec3.h">
      <Filter>Header Files</Filter>
    </ClInclude>
    <ClInclude Include="include\maths\Vec4.h">
      <Filter>Header Files</Filter>
    </ClInclude>
    <ClInclude Include="include\rhi\common\AttachmentDescription.h">
      <Filter>Header Files</Filter>
    </ClInclude>
    <ClInclude Include="include\rhi\common\ExtensionList.h">
      <Filter>Header Files</Filter>
    </ClInclude>
    <ClInclude Include="include\rhi\common\Format.h">
      <Filter>Header Files</Filter>
    </ClInclude>
    <ClInclude Include="include\rhi\common\Image.h">
      <Filter>Header Files</Filter>
    </ClInclude>
    <ClInclude Include="include\rhi\common\LoaderImg.h">
      <Filter>Header Files</Filter>
    </ClInclude>
    <ClInclude Include="include\rhi\common\Logging.h">
      <Filter>Header Files</Filter>
    </ClInclude>
    <ClInclude Include="include\rhi\common\Material.h">
      <Filter>Header Files</Filter>
    </ClInclude>
    <ClInclude Include="include\rhi\common\Memory.h">
      <Filter>Header Files</Filter>
    </ClInclude>
    <ClInclude Include="include\rhi\common\Pipeline.h">
      <Filter>Header Files</Filter>
    </ClInclude>
    <ClInclude Include="include\rhi\vk\AttachmentInfo.h">
      <Filter>Header Files</Filter>
    </ClInclude>
    <ClInclude Include="include\rhi\vk\Buffer.h">
      <Filter>Header Files</Filter>
    </ClInclude>
    <ClInclude Include="include\rhi\vk\Device.h">
      <Filter>Header Files</Filter>
    </ClInclude>
    <ClInclude Include="include\rhi\vk\DrawCall.h">
      <Filter>Header Files</Filter>
    </ClInclude>
    <ClInclude Include="include\rhi\vk\Fence.h">
      <Filter>Header Files</Filter>
    </ClInclude>
    <ClInclude Include="include\rhi\vk\Framebuffer.h">
      <Filter>Header Files</Filter>
    </ClInclude>
    <ClInclude Include="include\rhi\vk\FrameGraph.h">
      <Filter>Header Files</Filter>
    </ClInclude>
    <ClInclude Include="include\rhi\vk\IDescriptor.h">
      <Filter>Header Files</Filter>
    </ClInclude>
    <ClInclude Include="include\rhi\vk\Image.h">
      <Filter>Header Files</Filter>
    </ClInclude>
    <ClInclude Include="include\rhi\vk\InputAttachment.h">
      <Filter>Header Files</Filter>
    </ClInclude>
    <ClInclude Include="include\rhi\vk\Instance.h">
      <Filter>Header Files</Filter>
    </ClInclude>
    <ClInclude Include="include\rhi\vk\Material.h">
      <Filter>Header Files</Filter>
    </ClInclude>
    <ClInclude Include="include\rhi\vk\MaterialInstance.h">
      <Filter>Header Files</Filter>
    </ClInclude>
    <ClInclude Include="include\rhi\vk\MaterialLayout.h">
      <Filter>Header Files</Filter>
    </ClInclude>
    <ClInclude Include="include\rhi\vk\MemoryAllocator.h">
      <Filter>Header Files</Filter>
    </ClInclude>
    <ClInclude Include="include\rhi\vk\MemoryBlock.h">
      <Filter>Header Files</Filter>
    </ClInclude>
    <ClInclude Include="include\rhi\vk\MemoryChunk.h">
      <Filter>Header Files</Filter>
    </ClInclude>
    <ClInclude Include="include\rhi\vk\MemoryPool.h">
      <Filter>Header Files</Filter>
    </ClInclude>
    <ClInclude Include="include\rhi\vk\Renderer.h">
      <Filter>Header Files</Filter>
    </ClInclude>
    <ClInclude Include="include\rhi\vk\RenderPass.h">
      <Filter>Header Files</Filter>
    </ClInclude>
    <ClInclude Include="include\rhi\vk\Shader.h">
      <Filter>Header Files</Filter>
    </ClInclude>
    <ClInclude Include="include\rhi\vk\Subpass.h">
      <Filter>Header Files</Filter>
    </ClInclude>
    <ClInclude Include="include\rhi\vk\Surface.h">
      <Filter>Header Files</Filter>
    </ClInclude>
    <ClInclude Include="include\rhi\vk\SwapChain.h">
      <Filter>Header Files</Filter>
    </ClInclude>
    <ClInclude Include="include\rhi\vk\Texture.h">
      <Filter>Header Files</Filter>
    </ClInclude>
    <ClInclude Include="include\rhi\vk\VkHelper.h">
      <Filter>Header Files</Filter>
    </ClInclude>
    <ClInclude Include="include\utils\Asset.h">
      <Filter>Header Files</Filter>
    </ClInclude>
    <ClInclude Include="include\utils\Event.h">
      <Filter>Header Files</Filter>
    </ClInclude>
    <ClInclude Include="include\utils\FileOutput.h">
      <Filter>Header Files</Filter>
    </ClInclude>
    <ClInclude Include="include\utils\Flag.h">
      <Filter>Header Files</Filter>
    </ClInclude>
    <ClInclude Include="include\utils\ISerializable.h">
      <Filter>Header Files</Filter>
    </ClInclude>
    <ClInclude Include="include\utils\JsonNode.h">
      <Filter>Header Files</Filter>
    </ClInclude>
    <ClInclude Include="include\utils\Logger.h">
      <Filter>Header Files</Filter>
    </ClInclude>
    <ClInclude Include="include\utils\LoggerLevel.h">
      <Filter>Header Files</Filter>
    </ClInclude>
    <ClInclude Include="include\utils\Logging.h">
      <Filter>Header Files</Filter>
    </ClInclude>
    <ClInclude Include="include\utils\MetaMacros.h">
      <Filter>Header Files</Filter>
    </ClInclude>
    <ClInclude Include="include\utils\NonCopyable.h">
      <Filter>Header Files</Filter>
    </ClInclude>
    <ClInclude Include="include\utils\NullOutput.h">
      <Filter>Header Files</Filter>
    </ClInclude>
    <ClInclude Include="include\utils\OutputLevelRunTimeSwitch.h">
      <Filter>Header Files</Filter>
    </ClInclude>
    <ClInclude Include="include\utils\ScriptModule.h">
      <Filter>Header Files</Filter>
    </ClInclude>
    <ClInclude Include="include\utils\Service.h">
      <Filter>Header Files</Filter>
    </ClInclude>
    <ClInclude Include="include\utils\Singleton.h">
      <Filter>Header Files</Filter>
    </ClInclude>
    <ClInclude Include="include\utils\StdOutput.h">
      <Filter>Header Files</Filter>
    </ClInclude>
    <ClInclude Include="include\utils\ThreadPool.h">
      <Filter>Header Files</Filter>
    </ClInclude>
    <ClInclude Include="include\utils\Timer.h">
      <Filter>Header Files</Filter>
    </ClInclude>
    <ClInclude Include="include\ww\Controller.h">
      <Filter>Header Files</Filter>
    </ClInclude>
    <ClInclude Include="include\ww\Cursor.h">
      <Filter>Header Files</Filter>
    </ClInclude>
    <ClInclude Include="include\ww\Icon.h">
      <Filter>Header Files</Filter>
    </ClInclude>
    <ClInclude Include="include\ww\Input.h">
      <Filter>Header Files</Filter>
    </ClInclude>
    <ClInclude Include="include\ww\Key.h">
      <Filter>Header Files</Filter>
    </ClInclude>
    <ClInclude Include="include\ww\Mouse.h">
      <Filter>Header Files</Filter>
    </ClInclude>
    <ClInclude Include="include\ww\Viewport.h">
      <Filter>Header Files</Filter>
    </ClInclude>
    <ClInclude Include="include\ww\Window.h">
      <Filter>Header Files</Filter>
    </ClInclude>
    <ClInclude Include="include\ww\XboxConfig.h">
      <Filter>Header Files</Filter>
    </ClInclude>
    <ClInclude Include="include\game\Barrel.h">
      <Filter>Header Files</Filter>
    </ClInclude>
    <ClInclude Include="include\game\CameraBehavior.h">
      <Filter>Header Files</Filter>
    </ClInclude>
    <ClInclude Include="include\game\DeathZone.h">
      <Filter>Header Files</Filter>
    </ClInclude>
    <ClInclude Include="include\game\Goal.h">
      <Filter>Header Files</Filter>
    </ClInclude>
    <ClInclude Include="include\game\Light.h">
      <Filter>Header Files</Filter>
    </ClInclude>
    <ClInclude Include="include\game\Player.h">
      <Filter>Header Files</Filter>
    </ClInclude>
    <ClInclude Include="include\game\Project.h">
      <Filter>Header Files</Filter>
    </ClInclude>
    <ClInclude Include="include\game\RenderSphere.h">
      <Filter>Header Files</Filter>
    </ClInclude>
  </ItemGroup>
  <ItemGroup>
    <None Include="include\engine\anim\AnimVertex.inl">
      <Filter>Header Files</Filter>
    </None>
    <None Include="include\engine\gizmo\GizmoHandler.inl">
      <Filter>Header Files</Filter>
    </None>
    <None Include="include\engine\gui\CWidget.inl">
      <Filter>Header Files</Filter>
    </None>
    <None Include="include\engine\gui\IElement.inl">
      <Filter>Header Files</Filter>
    </None>
    <None Include="include\engine\physic\ICCollider.inl">
      <Filter>Header Files</Filter>
    </None>
    <None Include="include\engine\resources\Vertex.inl">
      <Filter>Header Files</Filter>
    </None>
    <None Include="include\engine\scene\Actor.inl">
      <Filter>Header Files</Filter>
    </None>
    <None Include="include\engine\scene\Scene.inl">
      <Filter>Header Files</Filter>
    </None>
    <None Include="include\maths\Helper.inl">
      <Filter>Header Files</Filter>
    </None>
    <None Include="include\maths\Mat3.inl">
      <Filter>Header Files</Filter>
    </None>
    <None Include="include\maths\Mat4.inl">
      <Filter>Header Files</Filter>
    </None>
    <None Include="include\maths\Quaternion.inl">
      <Filter>Header Files</Filter>
    </None>
    <None Include="include\maths\Transform.inl">
      <Filter>Header Files</Filter>
    </None>
    <None Include="include\maths\Vec2.inl">
      <Filter>Header Files</Filter>
    </None>
    <None Include="include\maths\Vec3.inl">
      <Filter>Header Files</Filter>
    </None>
    <None Include="include\maths\Vec4.inl">
      <Filter>Header Files</Filter>
    </None>
    <None Include="include\rhi\common\AttachmentDescription.inl">
      <Filter>Header Files</Filter>
    </None>
    <None Include="include\rhi\common\Format.inl">
      <Filter>Header Files</Filter>
    </None>
    <None Include="include\rhi\common\Image.inl">
      <Filter>Header Files</Filter>
    </None>
    <None Include="include\rhi\common\Material.inl">
      <Filter>Header Files</Filter>
    </None>
    <None Include="include\rhi\common\Memory.inl">
      <Filter>Header Files</Filter>
    </None>
    <None Include="include\rhi\common\Pipeline.inl">
      <Filter>Header Files</Filter>
    </None>
    <None Include="include\rhi\vk\FrameGraph.inl">
      <Filter>Header Files</Filter>
    </None>
    <None Include="include\rhi\vk\VkHelper.inl">
      <Filter>Header Files</Filter>
    </None>
    <None Include="include\utils\Asset.inl">
      <Filter>Header Files</Filter>
    </None>
    <None Include="include\utils\Event.inl">
      <Filter>Header Files</Filter>
    </None>
    <None Include="include\utils\FileOutput.inl">
      <Filter>Header Files</Filter>
    </None>
    <None Include="include\utils\ISerializable.inl">
      <Filter>Header Files</Filter>
    </None>
    <None Include="include\utils\Logger.inl">
      <Filter>Header Files</Filter>
    </None>
    <None Include="include\utils\LoggerLevel.inl">
      <Filter>Header Files</Filter>
    </None>
    <None Include="include\utils\MetaMacros.inl">
      <Filter>Header Files</Filter>
    </None>
    <None Include="include\utils\NullOutput.inl">
      <Filter>Header Files</Filter>
    </None>
    <None Include="include\utils\OutputLevelRunTimeSwitch.inl">
      <Filter>Header Files</Filter>
    </None>
    <None Include="include\utils\ScriptModule.inl">
      <Filter>Header Files</Filter>
    </None>
    <None Include="include\utils\Service.inl">
      <Filter>Header Files</Filter>
    </None>
    <None Include="include\utils\Singleton.inl">
      <Filter>Header Files</Filter>
    </None>
    <None Include="include\utils\StdOutput.inl">
      <Filter>Header Files</Filter>
    </None>
    <None Include="include\utils\ThreadPool.inl">
      <Filter>Header Files</Filter>
    </None>
    <None Include="include\utils\Timer.inl">
      <Filter>Header Files</Filter>
    </None>
  </ItemGroup>
</Project>